
Microsoft Visual Studio Solution File, Format Version 12.00
# Visual Studio Version 17
VisualStudioVersion = 17.10.34916.146
MinimumVisualStudioVersion = 10.0.40219.1
Project("{FAE04EC0-301F-11D3-BF4B-00C04F79EFBC}") = "hyCommerce", "hyCommerce\hyCommerce.csproj", "{2F549036-4D21-A413-EACE-1AFA5386FE9A}"
EndProject
Project("{FAE04EC0-301F-11D3-BF4B-00C04F79EFBC}") = "hyCommerce.Tests", "hyCommerce.Tests\hyCommerce.Tests.csproj", "{17381769-9628-3F09-25C1-D003886269E1}"
EndProject
Global
	GlobalSection(SolutionConfigurationPlatforms) = preSolution
		Debug|Any CPU = Debug|Any CPU
		Release|Any CPU = Release|Any CPU
	EndGlobalSection
	GlobalSection(ProjectConfigurationPlatforms) = postSolution
		{2F549036-4D21-A413-EACE-1AFA5386FE9A}.Debug|Any CPU.ActiveCfg = Debug|Any CPU
		{2F549036-4D21-A413-EACE-1AFA5386FE9A}.Debug|Any CPU.Build.0 = Debug|Any CPU
		{2F549036-4D21-A413-EACE-1AFA5386FE9A}.Release|Any CPU.ActiveCfg = Release|Any CPU
		{2F549036-4D21-A413-EACE-1AFA5386FE9A}.Release|Any CPU.Build.0 = Release|Any CPU
		{17381769-9628-3F09-25C1-D003886269E1}.Debug|Any CPU.ActiveCfg = Debug|Any CPU
		{17381769-9628-3F09-25C1-D003886269E1}.Debug|Any CPU.Build.0 = Debug|Any CPU
		{17381769-9628-3F09-25C1-D003886269E1}.Release|Any CPU.ActiveCfg = Release|Any CPU
		{17381769-9628-3F09-25C1-D003886269E1}.Release|Any CPU.Build.0 = Release|Any CPU
	EndGlobalSection
	GlobalSection(SolutionProperties) = preSolution
		HideSolutionNode = FALSE
	EndGlobalSection
EndGlobal
